{
  "name": "CarShare",
  "lockfileVersion": 3,
  "requires": true,
  "packages": {
    "": {
      "dependencies": {
        "react-password-checklist": "^1.8.1"
      }
    },
    "node_modules/react": {
      "version": "19.0.0",
      "resolved": "https://registry.npmjs.org/react/-/react-19.0.0.tgz",
      "integrity": "sha512-V8AVnmPIICiWpGfm6GLzCR/W5FXLchHop40W4nXBmdlEceh16rCN8O8LNWm5bh5XUX91fh7KpA+W0TgMKmgTpQ==",
      "peer": true,
      "engines": {
        "node": ">=0.10.0"
      }
    },
    "node_modules/react-password-checklist": {
      "version": "1.8.1",
      "resolved": "https://registry.npmjs.org/react-password-checklist/-/react-password-checklist-1.8.1.tgz",
      "integrity": "sha512-QHIU/OejxoH4/cIfYLHaHLb+yYc8mtL0Vr4HTmULxQg3ZNdI9Ni/yYf7pwLBgsUh4sseKCV/GzzYHWpHqejTGw==",
      "peerDependencies": {
        "react": ">16.0.0-alpha || >17.0.0-alpha || >18.0.0-alpha"
      }
    }
  }
}
